// !$*UTF8*$!
{
	archiveVersion = 1;
	classes = {
	};
	objectVersion = 46;
	objects = {

/* Begin PBXBuildFile section */
		8C0516C3197431EC008ECF29 /* Foundation.framework in Frameworks */ = {isa = PBXBuildFile; fileRef = 8C0516C2197431EC008ECF29 /* Foundation.framework */; };
		8C0516C5197431EC008ECF29 /* CoreGraphics.framework in Frameworks */ = {isa = PBXBuildFile; fileRef = 8C0516C4197431EC008ECF29 /* CoreGraphics.framework */; };
		8C0516C7197431EC008ECF29 /* UIKit.framework in Frameworks */ = {isa = PBXBuildFile; fileRef = 8C0516C6197431EC008ECF29 /* UIKit.framework */; };
		8C0516C9197431EC008ECF29 /* CoreData.framework in Frameworks */ = {isa = PBXBuildFile; fileRef = 8C0516C8197431EC008ECF29 /* CoreData.framework */; };
		8C0516CF197431EC008ECF29 /* InfoPlist.strings in Resources */ = {isa = PBXBuildFile; fileRef = 8C0516CD197431EC008ECF29 /* InfoPlist.strings */; };
		8C0516D1197431EC008ECF29 /* main.m in Sources */ = {isa = PBXBuildFile; fileRef = 8C0516D0197431EC008ECF29 /* main.m */; };
		8C0516D5197431EC008ECF29 /* LMAppDelegate.m in Sources */ = {isa = PBXBuildFile; fileRef = 8C0516D4197431EC008ECF29 /* LMAppDelegate.m */; };
		8C0516D8197431EC008ECF29 /* Main.storyboard in Resources */ = {isa = PBXBuildFile; fileRef = 8C0516D6197431EC008ECF29 /* Main.storyboard */; };
		8C0516DB197431EC008ECF29 /* LivingMobs.xcdatamodeld in Sources */ = {isa = PBXBuildFile; fileRef = 8C0516D9197431EC008ECF29 /* LivingMobs.xcdatamodeld */; };
		8C0516DE197431EC008ECF29 /* LMMainViewController.m in Sources */ = {isa = PBXBuildFile; fileRef = 8C0516DD197431EC008ECF29 /* LMMainViewController.m */; };
		8C0516E1197431EC008ECF29 /* LMFlipsideViewController.m in Sources */ = {isa = PBXBuildFile; fileRef = 8C0516E0197431EC008ECF29 /* LMFlipsideViewController.m */; };
		8C0516E3197431EC008ECF29 /* Images.xcassets in Resources */ = {isa = PBXBuildFile; fileRef = 8C0516E2197431EC008ECF29 /* Images.xcassets */; };
		8C0516EA197431EC008ECF29 /* XCTest.framework in Frameworks */ = {isa = PBXBuildFile; fileRef = 8C0516E9197431EC008ECF29 /* XCTest.framework */; };
		8C0516EB197431EC008ECF29 /* Foundation.framework in Frameworks */ = {isa = PBXBuildFile; fileRef = 8C0516C2197431EC008ECF29 /* Foundation.framework */; };
		8C0516EC197431EC008ECF29 /* UIKit.framework in Frameworks */ = {isa = PBXBuildFile; fileRef = 8C0516C6197431EC008ECF29 /* UIKit.framework */; };
		8C0516ED197431EC008ECF29 /* CoreData.framework in Frameworks */ = {isa = PBXBuildFile; fileRef = 8C0516C8197431EC008ECF29 /* CoreData.framework */; };
		8C0516F5197431EC008ECF29 /* InfoPlist.strings in Resources */ = {isa = PBXBuildFile; fileRef = 8C0516F3197431EC008ECF29 /* InfoPlist.strings */; };
		8C0516F7197431EC008ECF29 /* LivingMobsTests.m in Sources */ = {isa = PBXBuildFile; fileRef = 8C0516F6197431EC008ECF29 /* LivingMobsTests.m */; };
		8CEF425719743E7E00B90554 /* boton1.jpeg in Resources */ = {isa = PBXBuildFile; fileRef = 8CEF425619743E7E00B90554 /* boton1.jpeg */; };
		8CEF425A19744E6100B90554 /* LMLocationTracker.m in Sources */ = {isa = PBXBuildFile; fileRef = 8CEF425919744E6100B90554 /* LMLocationTracker.m */; };
		8CEF425D19744E9C00B90554 /* LMLocationShareModel.m in Sources */ = {isa = PBXBuildFile; fileRef = 8CEF425C19744E9C00B90554 /* LMLocationShareModel.m */; };
		8CEF426019744EB600B90554 /* LMBackgroundTaskManager.m in Sources */ = {isa = PBXBuildFile; fileRef = 8CEF425F19744EB600B90554 /* LMBackgroundTaskManager.m */; };
/* End PBXBuildFile section */

/* Begin PBXContainerItemProxy section */
		8C0516EE197431EC008ECF29 /* PBXContainerItemProxy */ = {
			isa = PBXContainerItemProxy;
			containerPortal = 8C0516B7197431EC008ECF29 /* Project object */;
			proxyType = 1;
			remoteGlobalIDString = 8C0516BE197431EC008ECF29;
			remoteInfo = LivingMobs;
		};
/* End PBXContainerItemProxy section */

/* Begin PBXFileReference section */
		8C0516BF197431EC008ECF29 /* LivingMobs.app */ = {isa = PBXFileReference; explicitFileType = wrapper.application; includeInIndex = 0; path = LivingMobs.app; sourceTree = BUILT_PRODUCTS_DIR; };
		8C0516C2197431EC008ECF29 /* Foundation.framework */ = {isa = PBXFileReference; lastKnownFileType = wrapper.framework; name = Foundation.framework; path = System/Library/Frameworks/Foundation.framework; sourceTree = SDKROOT; };
		8C0516C4197431EC008ECF29 /* CoreGraphics.framework */ = {isa = PBXFileReference; lastKnownFileType = wrapper.framework; name = CoreGraphics.framework; path = System/Library/Frameworks/CoreGraphics.framework; sourceTree = SDKROOT; };
		8C0516C6197431EC008ECF29 /* UIKit.framework */ = {isa = PBXFileReference; lastKnownFileType = wrapper.framework; name = UIKit.framework; path = System/Library/Frameworks/UIKit.framework; sourceTree = SDKROOT; };
		8C0516C8197431EC008ECF29 /* CoreData.framework */ = {isa = PBXFileReference; lastKnownFileType = wrapper.framework; name = CoreData.framework; path = System/Library/Frameworks/CoreData.framework; sourceTree = SDKROOT; };
		8C0516CC197431EC008ECF29 /* LivingMobs-Info.plist */ = {isa = PBXFileReference; lastKnownFileType = text.plist.xml; path = "LivingMobs-Info.plist"; sourceTree = "<group>"; };
		8C0516CE197431EC008ECF29 /* en */ = {isa = PBXFileReference; lastKnownFileType = text.plist.strings; name = en; path = en.lproj/InfoPlist.strings; sourceTree = "<group>"; };
		8C0516D0197431EC008ECF29 /* main.m */ = {isa = PBXFileReference; lastKnownFileType = sourcecode.c.objc; path = main.m; sourceTree = "<group>"; };
		8C0516D2197431EC008ECF29 /* LivingMobs-Prefix.pch */ = {isa = PBXFileReference; lastKnownFileType = sourcecode.c.h; path = "LivingMobs-Prefix.pch"; sourceTree = "<group>"; };
		8C0516D3197431EC008ECF29 /* LMAppDelegate.h */ = {isa = PBXFileReference; lastKnownFileType = sourcecode.c.h; path = LMAppDelegate.h; sourceTree = "<group>"; };
		8C0516D4197431EC008ECF29 /* LMAppDelegate.m */ = {isa = PBXFileReference; lastKnownFileType = sourcecode.c.objc; path = LMAppDelegate.m; sourceTree = "<group>"; };
		8C0516D7197431EC008ECF29 /* Base */ = {isa = PBXFileReference; lastKnownFileType = file.storyboard; name = Base; path = Base.lproj/Main.storyboard; sourceTree = "<group>"; };
		8C0516DA197431EC008ECF29 /* LivingMobs.xcdatamodel */ = {isa = PBXFileReference; lastKnownFileType = wrapper.xcdatamodel; path = LivingMobs.xcdatamodel; sourceTree = "<group>"; };
		8C0516DC197431EC008ECF29 /* LMMainViewController.h */ = {isa = PBXFileReference; lastKnownFileType = sourcecode.c.h; path = LMMainViewController.h; sourceTree = "<group>"; };
		8C0516DD197431EC008ECF29 /* LMMainViewController.m */ = {isa = PBXFileReference; lastKnownFileType = sourcecode.c.objc; path = LMMainViewController.m; sourceTree = "<group>"; };
		8C0516DF197431EC008ECF29 /* LMFlipsideViewController.h */ = {isa = PBXFileReference; lastKnownFileType = sourcecode.c.h; path = LMFlipsideViewController.h; sourceTree = "<group>"; };
		8C0516E0197431EC008ECF29 /* LMFlipsideViewController.m */ = {isa = PBXFileReference; lastKnownFileType = sourcecode.c.objc; path = LMFlipsideViewController.m; sourceTree = "<group>"; };
		8C0516E2197431EC008ECF29 /* Images.xcassets */ = {isa = PBXFileReference; lastKnownFileType = folder.assetcatalog; path = Images.xcassets; sourceTree = "<group>"; };
		8C0516E8197431EC008ECF29 /* LivingMobsTests.xctest */ = {isa = PBXFileReference; explicitFileType = wrapper.cfbundle; includeInIndex = 0; path = LivingMobsTests.xctest; sourceTree = BUILT_PRODUCTS_DIR; };
		8C0516E9197431EC008ECF29 /* XCTest.framework */ = {isa = PBXFileReference; lastKnownFileType = wrapper.framework; name = XCTest.framework; path = Library/Frameworks/XCTest.framework; sourceTree = DEVELOPER_DIR; };
		8C0516F2197431EC008ECF29 /* LivingMobsTests-Info.plist */ = {isa = PBXFileReference; lastKnownFileType = text.plist.xml; path = "LivingMobsTests-Info.plist"; sourceTree = "<group>"; };
		8C0516F4197431EC008ECF29 /* en */ = {isa = PBXFileReference; lastKnownFileType = text.plist.strings; name = en; path = en.lproj/InfoPlist.strings; sourceTree = "<group>"; };
		8C0516F6197431EC008ECF29 /* LivingMobsTests.m */ = {isa = PBXFileReference; lastKnownFileType = sourcecode.c.objc; path = LivingMobsTests.m; sourceTree = "<group>"; };
		8CEF425619743E7E00B90554 /* boton1.jpeg */ = {isa = PBXFileReference; lastKnownFileType = image.jpeg; path = boton1.jpeg; sourceTree = "<group>"; };
		8CEF425819744E6100B90554 /* LMLocationTracker.h */ = {isa = PBXFileReference; fileEncoding = 4; lastKnownFileType = sourcecode.c.h; path = LMLocationTracker.h; sourceTree = "<group>"; };
		8CEF425919744E6100B90554 /* LMLocationTracker.m */ = {isa = PBXFileReference; fileEncoding = 4; lastKnownFileType = sourcecode.c.objc; path = LMLocationTracker.m; sourceTree = "<group>"; };
		8CEF425B19744E9C00B90554 /* LMLocationShareModel.h */ = {isa = PBXFileReference; fileEncoding = 4; lastKnownFileType = sourcecode.c.h; path = LMLocationShareModel.h; sourceTree = "<group>"; };
		8CEF425C19744E9C00B90554 /* LMLocationShareModel.m */ = {isa = PBXFileReference; fileEncoding = 4; lastKnownFileType = sourcecode.c.objc; path = LMLocationShareModel.m; sourceTree = "<group>"; };
		8CEF425E19744EB600B90554 /* LMBackgroundTaskManager.h */ = {isa = PBXFileReference; fileEncoding = 4; lastKnownFileType = sourcecode.c.h; path = LMBackgroundTaskManager.h; sourceTree = "<group>"; };
		8CEF425F19744EB600B90554 /* LMBackgroundTaskManager.m */ = {isa = PBXFileReference; fileEncoding = 4; lastKnownFileType = sourcecode.c.objc; path = LMBackgroundTaskManager.m; sourceTree = "<group>"; };
/* End PBXFileReference section */

/* Begin PBXFrameworksBuildPhase section */
		8C0516BC197431EC008ECF29 /* Frameworks */ = {
			isa = PBXFrameworksBuildPhase;
			buildActionMask = 2147483647;
			files = (
				8C0516C5197431EC008ECF29 /* CoreGraphics.framework in Frameworks */,
				8C0516C9197431EC008ECF29 /* CoreData.framework in Frameworks */,
				8C0516C7197431EC008ECF29 /* UIKit.framework in Frameworks */,
				8C0516C3197431EC008ECF29 /* Foundation.framework in Frameworks */,
			);
			runOnlyForDeploymentPostprocessing = 0;
		};
		8C0516E5197431EC008ECF29 /* Frameworks */ = {
			isa = PBXFrameworksBuildPhase;
			buildActionMask = 2147483647;
			files = (
				8C0516EA197431EC008ECF29 /* XCTest.framework in Frameworks */,
				8C0516ED197431EC008ECF29 /* CoreData.framework in Frameworks */,
				8C0516EC197431EC008ECF29 /* UIKit.framework in Frameworks */,
				8C0516EB197431EC008ECF29 /* Foundation.framework in Frameworks */,
			);
			runOnlyForDeploymentPostprocessing = 0;
		};
/* End PBXFrameworksBuildPhase section */

/* Begin PBXGroup section */
		8C0516B6197431EC008ECF29 = {
			isa = PBXGroup;
			children = (
				8C0516CA197431EC008ECF29 /* LivingMobs */,
				8C0516F0197431EC008ECF29 /* LivingMobsTests */,
				8C0516C1197431EC008ECF29 /* Frameworks */,
				8C0516C0197431EC008ECF29 /* Products */,
			);
			sourceTree = "<group>";
		};
		8C0516C0197431EC008ECF29 /* Products */ = {
			isa = PBXGroup;
			children = (
				8C0516BF197431EC008ECF29 /* LivingMobs.app */,
				8C0516E8197431EC008ECF29 /* LivingMobsTests.xctest */,
			);
			name = Products;
			sourceTree = "<group>";
		};
		8C0516C1197431EC008ECF29 /* Frameworks */ = {
			isa = PBXGroup;
			children = (
				8C0516C2197431EC008ECF29 /* Foundation.framework */,
				8C0516C4197431EC008ECF29 /* CoreGraphics.framework */,
				8C0516C6197431EC008ECF29 /* UIKit.framework */,
				8C0516C8197431EC008ECF29 /* CoreData.framework */,
				8C0516E9197431EC008ECF29 /* XCTest.framework */,
			);
			name = Frameworks;
			sourceTree = "<group>";
		};
		8C0516CA197431EC008ECF29 /* LivingMobs */ = {
			isa = PBXGroup;
			children = (
				8CEF425519743E7300B90554 /* assets */,
				8C0516D3197431EC008ECF29 /* LMAppDelegate.h */,
				8C0516D4197431EC008ECF29 /* LMAppDelegate.m */,
				8C0516D6197431EC008ECF29 /* Main.storyboard */,
				8C0516DC197431EC008ECF29 /* LMMainViewController.h */,
				8C0516DD197431EC008ECF29 /* LMMainViewController.m */,
				8C0516DF197431EC008ECF29 /* LMFlipsideViewController.h */,
				8C0516E0197431EC008ECF29 /* LMFlipsideViewController.m */,
				8C0516E2197431EC008ECF29 /* Images.xcassets */,
				8C0516D9197431EC008ECF29 /* LivingMobs.xcdatamodeld */,
				8C0516CB197431EC008ECF29 /* Supporting Files */,
				8CEF425819744E6100B90554 /* LMLocationTracker.h */,
				8CEF425919744E6100B90554 /* LMLocationTracker.m */,
				8CEF425B19744E9C00B90554 /* LMLocationShareModel.h */,
				8CEF425C19744E9C00B90554 /* LMLocationShareModel.m */,
				8CEF425E19744EB600B90554 /* LMBackgroundTaskManager.h */,
				8CEF425F19744EB600B90554 /* LMBackgroundTaskManager.m */,
			);
			path = LivingMobs;
			sourceTree = "<group>";
		};
		8C0516CB197431EC008ECF29 /* Supporting Files */ = {
			isa = PBXGroup;
			children = (
				8C0516CC197431EC008ECF29 /* LivingMobs-Info.plist */,
				8C0516CD197431EC008ECF29 /* InfoPlist.strings */,
				8C0516D0197431EC008ECF29 /* main.m */,
				8C0516D2197431EC008ECF29 /* LivingMobs-Prefix.pch */,
			);
			name = "Supporting Files";
			sourceTree = "<group>";
		};
		8C0516F0197431EC008ECF29 /* LivingMobsTests */ = {
			isa = PBXGroup;
			children = (
				8C0516F6197431EC008ECF29 /* LivingMobsTests.m */,
				8C0516F1197431EC008ECF29 /* Supporting Files */,
			);
			path = LivingMobsTests;
			sourceTree = "<group>";
		};
		8C0516F1197431EC008ECF29 /* Supporting Files */ = {
			isa = PBXGroup;
			children = (
				8C0516F2197431EC008ECF29 /* LivingMobsTests-Info.plist */,
				8C0516F3197431EC008ECF29 /* InfoPlist.strings */,
			);
			name = "Supporting Files";
			sourceTree = "<group>";
		};
		8CEF425519743E7300B90554 /* assets */ = {
			isa = PBXGroup;
			children = (
				8CEF425619743E7E00B90554 /* boton1.jpeg */,
			);
			name = assets;
			sourceTree = "<group>";
		};
/* End PBXGroup section */

/* Begin PBXNativeTarget section */
		8C0516BE197431EC008ECF29 /* LivingMobs */ = {
			isa = PBXNativeTarget;
			buildConfigurationList = 8C0516FA197431EC008ECF29 /* Build configuration list for PBXNativeTarget "LivingMobs" */;
			buildPhases = (
				8C0516BB197431EC008ECF29 /* Sources */,
				8C0516BC197431EC008ECF29 /* Frameworks */,
				8C0516BD197431EC008ECF29 /* Resources */,
			);
			buildRules = (
			);
			dependencies = (
			);
			name = LivingMobs;
			productName = LivingMobs;
			productReference = 8C0516BF197431EC008ECF29 /* LivingMobs.app */;
			productType = "com.apple.product-type.application";
		};
		8C0516E7197431EC008ECF29 /* LivingMobsTests */ = {
			isa = PBXNativeTarget;
			buildConfigurationList = 8C0516FD197431EC008ECF29 /* Build configuration list for PBXNativeTarget "LivingMobsTests" */;
			buildPhases = (
				8C0516E4197431EC008ECF29 /* Sources */,
				8C0516E5197431EC008ECF29 /* Frameworks */,
				8C0516E6197431EC008ECF29 /* Resources */,
			);
			buildRules = (
			);
			dependencies = (
				8C0516EF197431EC008ECF29 /* PBXTargetDependency */,
			);
			name = LivingMobsTests;
			productName = LivingMobsTests;
			productReference = 8C0516E8197431EC008ECF29 /* LivingMobsTests.xctest */;
			productType = "com.apple.product-type.bundle.unit-test";
		};
/* End PBXNativeTarget section */

/* Begin PBXProject section */
		8C0516B7197431EC008ECF29 /* Project object */ = {
			isa = PBXProject;
			attributes = {
				CLASSPREFIX = LM;
				LastUpgradeCheck = 0510;
				ORGANIZATIONNAME = LivingMobs;
				TargetAttributes = {
					8C0516BE197431EC008ECF29 = {
						SystemCapabilities = {
							com.apple.BackgroundModes = {
								enabled = 1;
							};
						};
					};
					8C0516E7197431EC008ECF29 = {
						TestTargetID = 8C0516BE197431EC008ECF29;
					};
				};
			};
			buildConfigurationList = 8C0516BA197431EC008ECF29 /* Build configuration list for PBXProject "LivingMobs" */;
			compatibilityVersion = "Xcode 3.2";
			developmentRegion = English;
			hasScannedForEncodings = 0;
			knownRegions = (
				en,
				Base,
			);
			mainGroup = 8C0516B6197431EC008ECF29;
			productRefGroup = 8C0516C0197431EC008ECF29 /* Products */;
			projectDirPath = "";
			projectRoot = "";
			targets = (
				8C0516BE197431EC008ECF29 /* LivingMobs */,
				8C0516E7197431EC008ECF29 /* LivingMobsTests */,
			);
		};
/* End PBXProject section */

/* Begin PBXResourcesBuildPhase section */
		8C0516BD197431EC008ECF29 /* Resources */ = {
			isa = PBXResourcesBuildPhase;
			buildActionMask = 2147483647;
			files = (
				8C0516E3197431EC008ECF29 /* Images.xcassets in Resources */,
				8C0516CF197431EC008ECF29 /* InfoPlist.strings in Resources */,
				8CEF425719743E7E00B90554 /* boton1.jpeg in Resources */,
				8C0516D8197431EC008ECF29 /* Main.storyboard in Resources */,
			);
			runOnlyForDeploymentPostprocessing = 0;
		};
		8C0516E6197431EC008ECF29 /* Resources */ = {
			isa = PBXResourcesBuildPhase;
			buildActionMask = 2147483647;
			files = (
				8C0516F5197431EC008ECF29 /* InfoPlist.strings in Resources */,
			);
			runOnlyForDeploymentPostprocessing = 0;
		};
/* End PBXResourcesBuildPhase section */

/* Begin PBXSourcesBuildPhase section */
		8C0516BB197431EC008ECF29 /* Sources */ = {
			isa = PBXSourcesBuildPhase;
			buildActionMask = 2147483647;
			files = (
				8CEF425A19744E6100B90554 /* LMLocationTracker.m in Sources */,
				8C0516E1197431EC008ECF29 /* LMFlipsideViewController.m in Sources */,
				8C0516DB197431EC008ECF29 /* LivingMobs.xcdatamodeld in Sources */,
				8CEF426019744EB600B90554 /* LMBackgroundTaskManager.m in Sources */,
				8CEF425D19744E9C00B90554 /* LMLocationShareModel.m in Sources */,
				8C0516D1197431EC008ECF29 /* main.m in Sources */,
				8C0516DE197431EC008ECF29 /* LMMainViewController.m in Sources */,
				8C0516D5197431EC008ECF29 /* LMAppDelegate.m in Sources */,
			);
			runOnlyForDeploymentPostprocessing = 0;
		};
		8C0516E4197431EC008ECF29 /* Sources */ = {
			isa = PBXSourcesBuildPhase;
			buildActionMask = 2147483647;
			files = (
				8C0516F7197431EC008ECF29 /* LivingMobsTests.m in Sources */,
			);
			runOnlyForDeploymentPostprocessing = 0;
		};
/* End PBXSourcesBuildPhase section */

/* Begin PBXTargetDependency section */
		8C0516EF197431EC008ECF29 /* PBXTargetDependency */ = {
			isa = PBXTargetDependency;
			target = 8C0516BE197431EC008ECF29 /* LivingMobs */;
			targetProxy = 8C0516EE197431EC008ECF29 /* PBXContainerItemProxy */;
		};
/* End PBXTargetDependency section */

/* Begin PBXVariantGroup section */
		8C0516CD197431EC008ECF29 /* InfoPlist.strings */ = {
			isa = PBXVariantGroup;
			children = (
				8C0516CE197431EC008ECF29 /* en */,
			);
			name = InfoPlist.strings;
			sourceTree = "<group>";
		};
		8C0516D6197431EC008ECF29 /* Main.storyboard */ = {
			isa = PBXVariantGroup;
			children = (
				8C0516D7197431EC008ECF29 /* Base */,
			);
			name = Main.storyboard;
			sourceTree = "<group>";
		};
		8C0516F3197431EC008ECF29 /* InfoPlist.strings */ = {
			isa = PBXVariantGroup;
			children = (
				8C0516F4197431EC008ECF29 /* en */,
			);
			name = InfoPlist.strings;
			sourceTree = "<group>";
		};
/* End PBXVariantGroup section */

/* Begin XCBuildConfiguration section */
		8C0516F8197431EC008ECF29 /* Debug */ = {
			isa = XCBuildConfiguration;
			buildSettings = {
				ALWAYS_SEARCH_USER_PATHS = NO;
				CLANG_CXX_LANGUAGE_STANDARD = "gnu++0x";
				CLANG_CXX_LIBRARY = "libc++";
				CLANG_ENABLE_MODULES = YES;
				CLANG_ENABLE_OBJC_ARC = YES;
				CLANG_WARN_BOOL_CONVERSION = YES;
				CLANG_WARN_CONSTANT_CONVERSION = YES;
				CLANG_WARN_DIRECT_OBJC_ISA_USAGE = YES_ERROR;
				CLANG_WARN_EMPTY_BODY = YES;
				CLANG_WARN_ENUM_CONVERSION = YES;
				CLANG_WARN_INT_CONVERSION = YES;
				CLANG_WARN_OBJC_ROOT_CLASS = YES_ERROR;
				CLANG_WARN__DUPLICATE_METHOD_MATCH = YES;
				"CODE_SIGN_IDENTITY[sdk=iphoneos*]" = "iPhone Developer";
				COPY_PHASE_STRIP = NO;
				GCC_C_LANGUAGE_STANDARD = gnu99;
				GCC_DYNAMIC_NO_PIC = NO;
				GCC_OPTIMIZATION_LEVEL = 0;
				GCC_PREPROCESSOR_DEFINITIONS = (
					"DEBUG=1",
					"$(inherited)",
				);
				GCC_SYMBOLS_PRIVATE_EXTERN = NO;
				GCC_WARN_64_TO_32_BIT_CONVERSION = YES;
				GCC_WARN_ABOUT_RETURN_TYPE = YES_ERROR;
				GCC_WARN_UNDECLARED_SELECTOR = YES;
				GCC_WARN_UNINITIALIZED_AUTOS = YES_AGGRESSIVE;
				GCC_WARN_UNUSED_FUNCTION = YES;
				GCC_WARN_UNUSED_VARIABLE = YES;
				IPHONEOS_DEPLOYMENT_TARGET = 7.1;
				ONLY_ACTIVE_ARCH = YES;
				SDKROOT = iphoneos;
			};
			name = Debug;
		};
		8C0516F9197431EC008ECF29 /* Release */ = {
			isa = XCBuildConfiguration;
			buildSettings = {
				ALWAYS_SEARCH_USER_PATHS = NO;
				CLANG_CXX_LANGUAGE_STANDARD = "gnu++0x";
				CLANG_CXX_LIBRARY = "libc++";
				CLANG_ENABLE_MODULES = YES;
				CLANG_ENABLE_OBJC_ARC = YES;
				CLANG_WARN_BOOL_CONVERSION = YES;
				CLANG_WARN_CONSTANT_CONVERSION = YES;
				CLANG_WARN_DIRECT_OBJC_ISA_USAGE = YES_ERROR;
				CLANG_WARN_EMPTY_BODY = YES;
				CLANG_WARN_ENUM_CONVERSION = YES;
				CLANG_WARN_INT_CONVERSION = YES;
				CLANG_WARN_OBJC_ROOT_CLASS = YES_ERROR;
				CLANG_WARN__DUPLICATE_METHOD_MATCH = YES;
				"CODE_SIGN_IDENTITY[sdk=iphoneos*]" = "iPhone Developer";
				COPY_PHASE_STRIP = YES;
				ENABLE_NS_ASSERTIONS = NO;
				GCC_C_LANGUAGE_STANDARD = gnu99;
				GCC_WARN_64_TO_32_BIT_CONVERSION = YES;
				GCC_WARN_ABOUT_RETURN_TYPE = YES_ERROR;
				GCC_WARN_UNDECLARED_SELECTOR = YES;
				GCC_WARN_UNINITIALIZED_AUTOS = YES_AGGRESSIVE;
				GCC_WARN_UNUSED_FUNCTION = YES;
				GCC_WARN_UNUSED_VARIABLE = YES;
				IPHONEOS_DEPLOYMENT_TARGET = 7.1;
				SDKROOT = iphoneos;
				VALIDATE_PRODUCT = YES;
			};
			name = Release;
		};
		8C0516FB197431EC008ECF29 /* Debug */ = {
			isa = XCBuildConfiguration;
			buildSettings = {
				ASSETCATALOG_COMPILER_APPICON_NAME = AppIcon;
				ASSETCATALOG_COMPILER_LAUNCHIMAGE_NAME = LaunchImage;
				GCC_PRECOMPILE_PREFIX_HEADER = YES;
				GCC_PREFIX_HEADER = "LivingMobs/LivingMobs-Prefix.pch";
				INFOPLIST_FILE = "LivingMobs/LivingMobs-Info.plist";
				PRODUCT_NAME = "$(TARGET_NAME)";
				WRAPPER_EXTENSION = app;
			};
			name = Debug;
		};
		8C0516FC197431EC008ECF29 /* Release */ = {
			isa = XCBuildConfiguration;
			buildSettings = {
				ASSETCATALOG_COMPILER_APPICON_NAME = AppIcon;
				ASSETCATALOG_COMPILER_LAUNCHIMAGE_NAME = LaunchImage;
				GCC_PRECOMPILE_PREFIX_HEADER = YES;
				GCC_PREFIX_HEADER = "LivingMobs/LivingMobs-Prefix.pch";
				INFOPLIST_FILE = "LivingMobs/LivingMobs-Info.plist";
				PRODUCT_NAME = "$(TARGET_NAME)";
				WRAPPER_EXTENSION = app;
			};
			name = Release;
		};
		8C0516FE197431EC008ECF29 /* Debug */ = {
			isa = XCBuildConfiguration;
			buildSettings = {
				BUNDLE_LOADER = "$(BUILT_PRODUCTS_DIR)/LivingMobs.app/LivingMobs";
				FRAMEWORK_SEARCH_PATHS = (
					"$(SDKROOT)/Developer/Library/Frameworks",
					"$(inherited)",
					"$(DEVELOPER_FRAMEWORKS_DIR)",
				);
				GCC_PRECOMPILE_PREFIX_HEADER = YES;
				GCC_PREFIX_HEADER = "LivingMobs/LivingMobs-Prefix.pch";
				GCC_PREPROCESSOR_DEFINITIONS = (
					"DEBUG=1",
					"$(inherited)",
				);
				INFOPLIST_FILE = "LivingMobsTests/LivingMobsTests-Info.plist";
				PRODUCT_NAME = "$(TARGET_NAME)";
				TEST_HOST = "$(BUNDLE_LOADER)";
				WRAPPER_EXTENSION = xctest;
			};
			name = Debug;
		};
		8C0516FF197431EC008ECF29 /* Release */ = {
			isa = XCBuildConfiguration;
			buildSettings = {
				BUNDLE_LOADER = "$(BUILT_PRODUCTS_DIR)/LivingMobs.app/LivingMobs";
				FRAMEWORK_SEARCH_PATHS = (
					"$(SDKROOT)/Developer/Library/Frameworks",
					"$(inherited)",
					"$(DEVELOPER_FRAMEWORKS_DIR)",
				);
				GCC_PRECOMPILE_PREFIX_HEADER = YES;
				GCC_PREFIX_HEADER = "LivingMobs/LivingMobs-Prefix.pch";
				INFOPLIST_FILE = "LivingMobsTests/LivingMobsTests-Info.plist";
				PRODUCT_NAME = "$(TARGET_NAME)";
				TEST_HOST = "$(BUNDLE_LOADER)";
				WRAPPER_EXTENSION = xctest;
			};
			name = Release;
		};
/* End XCBuildConfiguration section */

/* Begin XCConfigurationList section */
		8C0516BA197431EC008ECF29 /* Build configuration list for PBXProject "LivingMobs" */ = {
			isa = XCConfigurationList;
			buildConfigurations = (
				8C0516F8197431EC008ECF29 /* Debug */,
				8C0516F9197431EC008ECF29 /* Release */,
			);
			defaultConfigurationIsVisible = 0;
			defaultConfigurationName = Release;
		};
		8C0516FA197431EC008ECF29 /* Build configuration list for PBXNativeTarget "LivingMobs" */ = {
			isa = XCConfigurationList;
			buildConfigurations = (
				8C0516FB197431EC008ECF29 /* Debug */,
				8C0516FC197431EC008ECF29 /* Release */,
			);
			defaultConfigurationIsVisible = 0;
			defaultConfigurationName = Release;
		};
		8C0516FD197431EC008ECF29 /* Build configuration list for PBXNativeTarget "LivingMobsTests" */ = {
			isa = XCConfigurationList;
			buildConfigurations = (
				8C0516FE197431EC008ECF29 /* Debug */,
				8C0516FF197431EC008ECF29 /* Release */,
			);
			defaultConfigurationIsVisible = 0;
			defaultConfigurationName = Release;
		};
/* End XCConfigurationList section */

/* Begin XCVersionGroup section */
		8C0516D9197431EC008ECF29 /* LivingMobs.xcdatamodeld */ = {
			isa = XCVersionGroup;
			children = (
				8C0516DA197431EC008ECF29 /* LivingMobs.xcdatamodel */,
			);
			currentVersion = 8C0516DA197431EC008ECF29 /* LivingMobs.xcdatamodel */;
			path = LivingMobs.xcdatamodeld;
			sourceTree = "<group>";
			versionGroupType = wrapper.xcdatamodel;
		};
/* End XCVersionGroup section */
	};
	rootObject = 8C0516B7197431EC008ECF29 /* Project object */;
}
